
Microsoft Visual Studio Solution File, Format Version 12.00
# Visual Studio Version 17
VisualStudioVersion = 17.9.34607.119
MinimumVisualStudioVersion = 10.0.40219.1
Project("{9A19103F-16F7-4668-BE54-9A1E7A4F7556}") = "EV7XLE", "EV7XLE.csproj", "{5222C12A-188B-4874-8212-7A35330D5082}"
EndProject
Project("{FAE04EC0-301F-11D3-BF4B-00C04F79EFBC}") = "HarcTest", "..\HarcTest\HarcTest.csproj", "{A69DB92C-A7A8-4678-9DED-281FC04114E1}"
EndProject
Global
	GlobalSection(SolutionConfigurationPlatforms) = preSolution
		Debug|Any CPU = Debug|Any CPU
		Release|Any CPU = Release|Any CPU
	EndGlobalSection
	GlobalSection(ProjectConfigurationPlatforms) = postSolution
		{5222C12A-188B-4874-8212-7A35330D5082}.Debug|Any CPU.ActiveCfg = Debug|Any CPU
		{5222C12A-188B-4874-8212-7A35330D5082}.Debug|Any CPU.Build.0 = Debug|Any CPU
		{5222C12A-188B-4874-8212-7A35330D5082}.Release|Any CPU.ActiveCfg = Release|Any CPU
		{5222C12A-188B-4874-8212-7A35330D5082}.Release|Any CPU.Build.0 = Release|Any CPU
		{A69DB92C-A7A8-4678-9DED-281FC04114E1}.Debug|Any CPU.ActiveCfg = Debug|Any CPU
		{A69DB92C-A7A8-4678-9DED-281FC04114E1}.Debug|Any CPU.Build.0 = Debug|Any CPU
		{A69DB92C-A7A8-4678-9DED-281FC04114E1}.Release|Any CPU.ActiveCfg = Release|Any CPU
		{A69DB92C-A7A8-4678-9DED-281FC04114E1}.Release|Any CPU.Build.0 = Release|Any CPU
	EndGlobalSection
	GlobalSection(SolutionProperties) = preSolution
		HideSolutionNode = FALSE
	EndGlobalSection
	GlobalSection(ExtensibilityGlobals) = postSolution
		SolutionGuid = {6732BE32-D7C8-4A2B-9C7D-197BE669D634}
	EndGlobalSection
EndGlobal
